
Microsoft Visual Studio Solution File, Format Version 12.00
# Visual Studio Version 17
VisualStudioVersion = 17.11.35312.102
MinimumVisualStudioVersion = 10.0.40219.1
Project("{9A19103F-16F7-4668-BE54-9A1E7A4F7556}") = "Arbros", "Arbros\Arbros.csproj", "{B0BE6C56-6CD7-474D-B392-CB05AD2D1BC5}"
EndProject
Global
	GlobalSection(SolutionConfigurationPlatforms) = preSolution
		Debug|Any CPU = Debug|Any CPU
		Release|Any CPU = Release|Any CPU
	EndGlobalSection
	GlobalSection(ProjectConfigurationPlatforms) = postSolution
		{B0BE6C56-6CD7-474D-B392-CB05AD2D1BC5}.Debug|Any CPU.ActiveCfg = Debug|Any CPU
		{B0BE6C56-6CD7-474D-B392-CB05AD2D1BC5}.Debug|Any CPU.Build.0 = Debug|Any CPU
		{B0BE6C56-6CD7-474D-B392-CB05AD2D1BC5}.Release|Any CPU.ActiveCfg = Release|Any CPU
		{B0BE6C56-6CD7-474D-B392-CB05AD2D1BC5}.Release|Any CPU.Build.0 = Release|Any CPU
	EndGlobalSection
	GlobalSection(SolutionProperties) = preSolution
		HideSolutionNode = FALSE
	EndGlobalSection
	GlobalSection(ExtensibilityGlobals) = postSolution
		SolutionGuid = {3C08B219-6CD5-4961-BAB4-B5A84DE31F32}
	EndGlobalSection
EndGlobal
